
Microsoft Visual Studio Solution File, Format Version 12.00
# Visual Studio Version 17
VisualStudioVersion = 17.0.32126.317
MinimumVisualStudioVersion = 10.0.40219.1
Project("{FAE04EC0-301F-11D3-BF4B-00C04F79EFBC}") = "PayrollServiceADO.NET", "PayrollServiceADO.NET.csproj", "{64B0DDD2-1033-4D64-A32C-5AE6668865D4}"
EndProject
Global
	GlobalSection(SolutionConfigurationPlatforms) = preSolution
		Debug|Any CPU = Debug|Any CPU
		Release|Any CPU = Release|Any CPU
	EndGlobalSection
	GlobalSection(ProjectConfigurationPlatforms) = postSolution
		{64B0DDD2-1033-4D64-A32C-5AE6668865D4}.Debug|Any CPU.ActiveCfg = Debug|Any CPU
		{64B0DDD2-1033-4D64-A32C-5AE6668865D4}.Debug|Any CPU.Build.0 = Debug|Any CPU
		{64B0DDD2-1033-4D64-A32C-5AE6668865D4}.Release|Any CPU.ActiveCfg = Release|Any CPU
		{64B0DDD2-1033-4D64-A32C-5AE6668865D4}.Release|Any CPU.Build.0 = Release|Any CPU
	EndGlobalSection
	GlobalSection(SolutionProperties) = preSolution
		HideSolutionNode = FALSE
	EndGlobalSection
	GlobalSection(ExtensibilityGlobals) = postSolution
		SolutionGuid = {A3F7A81C-22F4-4C54-9EF8-A8ACBD21121D}
	EndGlobalSection
EndGlobal
